
Microsoft Visual Studio Solution File, Format Version 12.00
# Visual Studio Version 17
VisualStudioVersion = 17.14.36623.8 d17.14
MinimumVisualStudioVersion = 10.0.40219.1
Project("{FAE04EC0-301F-11D3-BF4B-00C04F79EFBC}") = "OO_Programming_C#_Exercises2526", "OO_Programming_C#_Exercises2526\OO_Programming_C#_Exercises2526.csproj", "{EA3B9902-520D-4CCF-BA9B-D8783B2988EA}"
EndProject
Global
	GlobalSection(SolutionConfigurationPlatforms) = preSolution
		Debug|Any CPU = Debug|Any CPU
		Release|Any CPU = Release|Any CPU
	EndGlobalSection
	GlobalSection(ProjectConfigurationPlatforms) = postSolution
		{EA3B9902-520D-4CCF-BA9B-D8783B2988EA}.Debug|Any CPU.ActiveCfg = Debug|Any CPU
		{EA3B9902-520D-4CCF-BA9B-D8783B2988EA}.Debug|Any CPU.Build.0 = Debug|Any CPU
		{EA3B9902-520D-4CCF-BA9B-D8783B2988EA}.Release|Any CPU.ActiveCfg = Release|Any CPU
		{EA3B9902-520D-4CCF-BA9B-D8783B2988EA}.Release|Any CPU.Build.0 = Release|Any CPU
	EndGlobalSection
	GlobalSection(SolutionProperties) = preSolution
		HideSolutionNode = FALSE
	EndGlobalSection
	GlobalSection(ExtensibilityGlobals) = postSolution
		SolutionGuid = {103B4B6A-877A-46A2-A9FE-58A46A2C5319}
	EndGlobalSection
EndGlobal
